
Microsoft Visual Studio Solution File, Format Version 12.00
# Visual Studio Version 17
VisualStudioVersion = 17.7.34031.279
MinimumVisualStudioVersion = 10.0.40219.1
Project("{FAE04EC0-301F-11D3-BF4B-00C04F79EFBC}") = "Week5Practice3List", "Week5Practice3List\Week5Practice3List.csproj", "{C2B473A5-3455-4F76-BC63-E8071B19F2FF}"
EndProject
Global
	GlobalSection(SolutionConfigurationPlatforms) = preSolution
		Debug|Any CPU = Debug|Any CPU
		Release|Any CPU = Release|Any CPU
	EndGlobalSection
	GlobalSection(ProjectConfigurationPlatforms) = postSolution
		{C2B473A5-3455-4F76-BC63-E8071B19F2FF}.Debug|Any CPU.ActiveCfg = Debug|Any CPU
		{C2B473A5-3455-4F76-BC63-E8071B19F2FF}.Debug|Any CPU.Build.0 = Debug|Any CPU
		{C2B473A5-3455-4F76-BC63-E8071B19F2FF}.Release|Any CPU.ActiveCfg = Release|Any CPU
		{C2B473A5-3455-4F76-BC63-E8071B19F2FF}.Release|Any CPU.Build.0 = Release|Any CPU
	EndGlobalSection
	GlobalSection(SolutionProperties) = preSolution
		HideSolutionNode = FALSE
	EndGlobalSection
	GlobalSection(ExtensibilityGlobals) = postSolution
		SolutionGuid = {33E2C64A-DD81-4030-B971-7B4DD9872F51}
	EndGlobalSection
EndGlobal
